
Microsoft Visual Studio Solution File, Format Version 12.00
# Visual Studio Version 17
VisualStudioVersion = 17.0.31903.59
MinimumVisualStudioVersion = 10.0.40219.1
Project("{FAE04EC0-301F-11D3-BF4B-00C04F79EFBC}") = "SixMinApi", "SixMinApi\SixMinApi.csproj", "{D59A1DB0-ABF8-4CBE-A2E5-4926D7BC2F52}"
EndProject
Project("{FAE04EC0-301F-11D3-BF4B-00C04F79EFBC}") = "SixMinApi.Tests", "SixMinApi.Tests\SixMinApi.Tests.csproj", "{86086BE4-D278-44BB-BD3C-D3F0BCA6CB56}"
EndProject
Global
	GlobalSection(SolutionConfigurationPlatforms) = preSolution
		Debug|Any CPU = Debug|Any CPU
		Release|Any CPU = Release|Any CPU
	EndGlobalSection
	GlobalSection(SolutionProperties) = preSolution
		HideSolutionNode = FALSE
	EndGlobalSection
	GlobalSection(ProjectConfigurationPlatforms) = postSolution
		{D59A1DB0-ABF8-4CBE-A2E5-4926D7BC2F52}.Debug|Any CPU.ActiveCfg = Debug|Any CPU
		{D59A1DB0-ABF8-4CBE-A2E5-4926D7BC2F52}.Debug|Any CPU.Build.0 = Debug|Any CPU
		{D59A1DB0-ABF8-4CBE-A2E5-4926D7BC2F52}.Release|Any CPU.ActiveCfg = Release|Any CPU
		{D59A1DB0-ABF8-4CBE-A2E5-4926D7BC2F52}.Release|Any CPU.Build.0 = Release|Any CPU
		{86086BE4-D278-44BB-BD3C-D3F0BCA6CB56}.Debug|Any CPU.ActiveCfg = Debug|Any CPU
		{86086BE4-D278-44BB-BD3C-D3F0BCA6CB56}.Debug|Any CPU.Build.0 = Debug|Any CPU
		{86086BE4-D278-44BB-BD3C-D3F0BCA6CB56}.Release|Any CPU.ActiveCfg = Release|Any CPU
		{86086BE4-D278-44BB-BD3C-D3F0BCA6CB56}.Release|Any CPU.Build.0 = Release|Any CPU
	EndGlobalSection
EndGlobal
